
Microsoft Visual Studio Solution File, Format Version 12.00
# Visual Studio Version 17
VisualStudioVersion = 17.1.32421.90
MinimumVisualStudioVersion = 10.0.40219.1
Project("{9A19103F-16F7-4668-BE54-9A1E7A4F7556}") = "Hestia.Security", "src\Hestia.Security.csproj", "{98C56625-3B04-4718-BD72-D6194946C26B}"
EndProject
Project("{9A19103F-16F7-4668-BE54-9A1E7A4F7556}") = "Hestia.Security.Tests", "tests\Hestia.Security.Tests.csproj", "{5D50AF28-C5F0-411C-9428-A0C3BB1B7730}"
EndProject
Global
	GlobalSection(SolutionConfigurationPlatforms) = preSolution
		Debug|Any CPU = Debug|Any CPU
		Release|Any CPU = Release|Any CPU
	EndGlobalSection
	GlobalSection(ProjectConfigurationPlatforms) = postSolution
		{98C56625-3B04-4718-BD72-D6194946C26B}.Debug|Any CPU.ActiveCfg = Debug|Any CPU
		{98C56625-3B04-4718-BD72-D6194946C26B}.Debug|Any CPU.Build.0 = Debug|Any CPU
		{98C56625-3B04-4718-BD72-D6194946C26B}.Release|Any CPU.ActiveCfg = Release|Any CPU
		{98C56625-3B04-4718-BD72-D6194946C26B}.Release|Any CPU.Build.0 = Release|Any CPU
		{5D50AF28-C5F0-411C-9428-A0C3BB1B7730}.Debug|Any CPU.ActiveCfg = Debug|Any CPU
		{5D50AF28-C5F0-411C-9428-A0C3BB1B7730}.Debug|Any CPU.Build.0 = Debug|Any CPU
		{5D50AF28-C5F0-411C-9428-A0C3BB1B7730}.Release|Any CPU.ActiveCfg = Release|Any CPU
		{5D50AF28-C5F0-411C-9428-A0C3BB1B7730}.Release|Any CPU.Build.0 = Release|Any CPU
	EndGlobalSection
	GlobalSection(SolutionProperties) = preSolution
		HideSolutionNode = FALSE
	EndGlobalSection
	GlobalSection(ExtensibilityGlobals) = postSolution
		SolutionGuid = {DBA918AC-0E65-4341-A2A9-B2CB17E9095A}
	EndGlobalSection
EndGlobal
